
Microsoft Visual Studio Solution File, Format Version 12.00
# Visual Studio Version 16
VisualStudioVersion = 16.0.31624.102
MinimumVisualStudioVersion = 10.0.40219.1
Project("{FAE04EC0-301F-11D3-BF4B-00C04F79EFBC}") = "WebShop", "WebShop\WebShop.csproj", "{7BA5217D-B00D-4D73-9D15-8E2C7C1BD14E}"
EndProject
Global
	GlobalSection(SolutionConfigurationPlatforms) = preSolution
		Debug|Any CPU = Debug|Any CPU
		Release|Any CPU = Release|Any CPU
	EndGlobalSection
	GlobalSection(ProjectConfigurationPlatforms) = postSolution
		{7BA5217D-B00D-4D73-9D15-8E2C7C1BD14E}.Debug|Any CPU.ActiveCfg = Debug|Any CPU
		{7BA5217D-B00D-4D73-9D15-8E2C7C1BD14E}.Debug|Any CPU.Build.0 = Debug|Any CPU
		{7BA5217D-B00D-4D73-9D15-8E2C7C1BD14E}.Release|Any CPU.ActiveCfg = Release|Any CPU
		{7BA5217D-B00D-4D73-9D15-8E2C7C1BD14E}.Release|Any CPU.Build.0 = Release|Any CPU
	EndGlobalSection
	GlobalSection(SolutionProperties) = preSolution
		HideSolutionNode = FALSE
	EndGlobalSection
	GlobalSection(ExtensibilityGlobals) = postSolution
		SolutionGuid = {B302D89B-0E48-4DD0-ABA4-8DD1E4DF5D57}
	EndGlobalSection
EndGlobal
